
Microsoft Visual Studio Solution File, Format Version 12.00
# Visual Studio Version 17
VisualStudioVersion = 17.5.002.0
MinimumVisualStudioVersion = 10.0.40219.1
Project("{9A19103F-16F7-4668-BE54-9A1E7A4F7556}") = "ExpenseTracker", "ExpenseTracker\ExpenseTracker.csproj", "{641FD0D6-8696-4C28-A8BC-7A55E3701FF9}"
EndProject
Project("{FAE04EC0-301F-11D3-BF4B-00C04F79EFBC}") = "ExpenseTrackerEntity", "ExpenseTrackerEntity\ExpenseTrackerEntity.csproj", "{2C692DF3-1669-4C43-A21E-588C26CDCD85}"
EndProject
Project("{FAE04EC0-301F-11D3-BF4B-00C04F79EFBC}") = "ExpenseTrackerRepository", "ExpenseTrackerRepository\ExpenseTrackerRepository.csproj", "{77D82655-D49F-4FB3-918C-CE01D2F27983}"
EndProject
Project("{FAE04EC0-301F-11D3-BF4B-00C04F79EFBC}") = "ExpenseTrackerService", "ExpenseTrackerService\ExpenseTrackerService.csproj", "{174B874D-00B8-4D68-AA81-C5A2152B80AA}"
EndProject
Global
	GlobalSection(SolutionConfigurationPlatforms) = preSolution
		Debug|Any CPU = Debug|Any CPU
		Release|Any CPU = Release|Any CPU
	EndGlobalSection
	GlobalSection(ProjectConfigurationPlatforms) = postSolution
		{641FD0D6-8696-4C28-A8BC-7A55E3701FF9}.Debug|Any CPU.ActiveCfg = Debug|Any CPU
		{641FD0D6-8696-4C28-A8BC-7A55E3701FF9}.Debug|Any CPU.Build.0 = Debug|Any CPU
		{641FD0D6-8696-4C28-A8BC-7A55E3701FF9}.Release|Any CPU.ActiveCfg = Release|Any CPU
		{641FD0D6-8696-4C28-A8BC-7A55E3701FF9}.Release|Any CPU.Build.0 = Release|Any CPU
		{2C692DF3-1669-4C43-A21E-588C26CDCD85}.Debug|Any CPU.ActiveCfg = Debug|Any CPU
		{2C692DF3-1669-4C43-A21E-588C26CDCD85}.Debug|Any CPU.Build.0 = Debug|Any CPU
		{2C692DF3-1669-4C43-A21E-588C26CDCD85}.Release|Any CPU.ActiveCfg = Release|Any CPU
		{2C692DF3-1669-4C43-A21E-588C26CDCD85}.Release|Any CPU.Build.0 = Release|Any CPU
		{77D82655-D49F-4FB3-918C-CE01D2F27983}.Debug|Any CPU.ActiveCfg = Debug|Any CPU
		{77D82655-D49F-4FB3-918C-CE01D2F27983}.Debug|Any CPU.Build.0 = Debug|Any CPU
		{77D82655-D49F-4FB3-918C-CE01D2F27983}.Release|Any CPU.ActiveCfg = Release|Any CPU
		{77D82655-D49F-4FB3-918C-CE01D2F27983}.Release|Any CPU.Build.0 = Release|Any CPU
		{174B874D-00B8-4D68-AA81-C5A2152B80AA}.Debug|Any CPU.ActiveCfg = Debug|Any CPU
		{174B874D-00B8-4D68-AA81-C5A2152B80AA}.Debug|Any CPU.Build.0 = Debug|Any CPU
		{174B874D-00B8-4D68-AA81-C5A2152B80AA}.Release|Any CPU.ActiveCfg = Release|Any CPU
		{174B874D-00B8-4D68-AA81-C5A2152B80AA}.Release|Any CPU.Build.0 = Release|Any CPU
	EndGlobalSection
	GlobalSection(SolutionProperties) = preSolution
		HideSolutionNode = FALSE
	EndGlobalSection
	GlobalSection(ExtensibilityGlobals) = postSolution
		SolutionGuid = {200A64E3-FB9B-4D5B-B403-B5BB9CB39FF9}
	EndGlobalSection
EndGlobal
